{
  "name": "dusan-testpkg",
  "version": "1.0.3",
  "lockfileVersion": 3,
  "requires": true,
  "packages": {
    "": {
      "name": "dusan-testpkg",
      "version": "1.0.3",
      "license": "ISC",
      "dependencies": {
        "dusan-testpkg": "^1.0.1"
      }
    },
    "node_modules/dusan-testpkg": {
      "version": "1.0.1",
      "resolved": "https://registry.npmjs.org/dusan-testpkg/-/dusan-testpkg-1.0.1.tgz",
      "integrity": "sha512-Iud5b77r7X/MLW1QwjqgOj5D8Ll6dyEsOQna/e53dqw0GvDyyDmPGTZggKo2CXne3qgKGooJgQqH8ckaoBgiKA=="
    }
  }
}
